// !$*UTF8*$!
{
	archiveVersion = 1;
	classes = {
	};
	objectVersion = 46;
	objects = {

/* Begin PBXBuildFile section */
		747C1BED1856194F00BCC616 /* TableViewController.m in Sources */ = {isa = PBXBuildFile; fileRef = 747C1BEC1856194F00BCC616 /* TableViewController.m */; };
		747C1BF01856223800BCC616 /* DetailTableViewController.m in Sources */ = {isa = PBXBuildFile; fileRef = 747C1BEF1856223800BCC616 /* DetailTableViewController.m */; };
		F19522281855FBB6009754B6 /* Foundation.framework in Frameworks */ = {isa = PBXBuildFile; fileRef = F19522271855FBB6009754B6 /* Foundation.framework */; };
		F195222A1855FBB6009754B6 /* CoreGraphics.framework in Frameworks */ = {isa = PBXBuildFile; fileRef = F19522291855FBB6009754B6 /* CoreGraphics.framework */; };
		F195222C1855FBB6009754B6 /* UIKit.framework in Frameworks */ = {isa = PBXBuildFile; fileRef = F195222B1855FBB6009754B6 /* UIKit.framework */; };
		F19522321855FBB7009754B6 /* InfoPlist.strings in Resources */ = {isa = PBXBuildFile; fileRef = F19522301855FBB7009754B6 /* InfoPlist.strings */; };
		F19522341855FBB7009754B6 /* main.m in Sources */ = {isa = PBXBuildFile; fileRef = F19522331855FBB7009754B6 /* main.m */; };
		F19522381855FBB7009754B6 /* AppDelegate.m in Sources */ = {isa = PBXBuildFile; fileRef = F19522371855FBB7009754B6 /* AppDelegate.m */; };
		F195223B1855FBB7009754B6 /* Main_iPhone.storyboard in Resources */ = {isa = PBXBuildFile; fileRef = F19522391855FBB7009754B6 /* Main_iPhone.storyboard */; };
		F195223E1855FBB7009754B6 /* Main_iPad.storyboard in Resources */ = {isa = PBXBuildFile; fileRef = F195223C1855FBB7009754B6 /* Main_iPad.storyboard */; };
		F19522411855FBB7009754B6 /* ViewController.m in Sources */ = {isa = PBXBuildFile; fileRef = F19522401855FBB7009754B6 /* ViewController.m */; };
		F19522431855FBB7009754B6 /* Images.xcassets in Resources */ = {isa = PBXBuildFile; fileRef = F19522421855FBB7009754B6 /* Images.xcassets */; };
		F195224A1855FBB7009754B6 /* XCTest.framework in Frameworks */ = {isa = PBXBuildFile; fileRef = F19522491855FBB7009754B6 /* XCTest.framework */; };
		F195224B1855FBB7009754B6 /* Foundation.framework in Frameworks */ = {isa = PBXBuildFile; fileRef = F19522271855FBB6009754B6 /* Foundation.framework */; };
		F195224C1855FBB7009754B6 /* UIKit.framework in Frameworks */ = {isa = PBXBuildFile; fileRef = F195222B1855FBB6009754B6 /* UIKit.framework */; };
		F19522541855FBB7009754B6 /* InfoPlist.strings in Resources */ = {isa = PBXBuildFile; fileRef = F19522521855FBB7009754B6 /* InfoPlist.strings */; };
		F19522561855FBB7009754B6 /* NewProjectEpsiTests.m in Sources */ = {isa = PBXBuildFile; fileRef = F19522551855FBB7009754B6 /* NewProjectEpsiTests.m */; };
/* End PBXBuildFile section */

/* Begin PBXContainerItemProxy section */
		F195224D1855FBB7009754B6 /* PBXContainerItemProxy */ = {
			isa = PBXContainerItemProxy;
			containerPortal = F195221C1855FBB6009754B6 /* Project object */;
			proxyType = 1;
			remoteGlobalIDString = F19522231855FBB6009754B6;
			remoteInfo = NewProjectEpsi;
		};
/* End PBXContainerItemProxy section */

/* Begin PBXFileReference section */
		747C1BEB1856194F00BCC616 /* TableViewController.h */ = {isa = PBXFileReference; fileEncoding = 4; lastKnownFileType = sourcecode.c.h; path = TableViewController.h; sourceTree = "<group>"; };
		747C1BEC1856194F00BCC616 /* TableViewController.m */ = {isa = PBXFileReference; fileEncoding = 4; lastKnownFileType = sourcecode.c.objc; path = TableViewController.m; sourceTree = "<group>"; };
		747C1BEE1856223800BCC616 /* DetailTableViewController.h */ = {isa = PBXFileReference; fileEncoding = 4; lastKnownFileType = sourcecode.c.h; path = DetailTableViewController.h; sourceTree = "<group>"; };
		747C1BEF1856223800BCC616 /* DetailTableViewController.m */ = {isa = PBXFileReference; fileEncoding = 4; lastKnownFileType = sourcecode.c.objc; path = DetailTableViewController.m; sourceTree = "<group>"; };
		F19522241855FBB6009754B6 /* NewProjectEpsi.app */ = {isa = PBXFileReference; explicitFileType = wrapper.application; includeInIndex = 0; path = NewProjectEpsi.app; sourceTree = BUILT_PRODUCTS_DIR; };
		F19522271855FBB6009754B6 /* Foundation.framework */ = {isa = PBXFileReference; lastKnownFileType = wrapper.framework; name = Foundation.framework; path = System/Library/Frameworks/Foundation.framework; sourceTree = SDKROOT; };
		F19522291855FBB6009754B6 /* CoreGraphics.framework */ = {isa = PBXFileReference; lastKnownFileType = wrapper.framework; name = CoreGraphics.framework; path = System/Library/Frameworks/CoreGraphics.framework; sourceTree = SDKROOT; };
		F195222B1855FBB6009754B6 /* UIKit.framework */ = {isa = PBXFileReference; lastKnownFileType = wrapper.framework; name = UIKit.framework; path = System/Library/Frameworks/UIKit.framework; sourceTree = SDKROOT; };
		F195222F1855FBB7009754B6 /* NewProjectEpsi-Info.plist */ = {isa = PBXFileReference; lastKnownFileType = text.plist.xml; path = "NewProjectEpsi-Info.plist"; sourceTree = "<group>"; };
		F19522311855FBB7009754B6 /* en */ = {isa = PBXFileReference; lastKnownFileType = text.plist.strings; name = en; path = en.lproj/InfoPlist.strings; sourceTree = "<group>"; };
		F19522331855FBB7009754B6 /* main.m */ = {isa = PBXFileReference; lastKnownFileType = sourcecode.c.objc; path = main.m; sourceTree = "<group>"; };
		F19522351855FBB7009754B6 /* NewProjectEpsi-Prefix.pch */ = {isa = PBXFileReference; lastKnownFileType = sourcecode.c.h; path = "NewProjectEpsi-Prefix.pch"; sourceTree = "<group>"; };
		F19522361855FBB7009754B6 /* AppDelegate.h */ = {isa = PBXFileReference; lastKnownFileType = sourcecode.c.h; path = AppDelegate.h; sourceTree = "<group>"; };
		F19522371855FBB7009754B6 /* AppDelegate.m */ = {isa = PBXFileReference; lastKnownFileType = sourcecode.c.objc; path = AppDelegate.m; sourceTree = "<group>"; };
		F195223A1855FBB7009754B6 /* Base */ = {isa = PBXFileReference; lastKnownFileType = file.storyboard; name = Base; path = Base.lproj/Main_iPhone.storyboard; sourceTree = "<group>"; };
		F195223D1855FBB7009754B6 /* Base */ = {isa = PBXFileReference; lastKnownFileType = file.storyboard; name = Base; path = Base.lproj/Main_iPad.storyboard; sourceTree = "<group>"; };
		F195223F1855FBB7009754B6 /* ViewController.h */ = {isa = PBXFileReference; lastKnownFileType = sourcecode.c.h; path = ViewController.h; sourceTree = "<group>"; };
		F19522401855FBB7009754B6 /* ViewController.m */ = {isa = PBXFileReference; lastKnownFileType = sourcecode.c.objc; path = ViewController.m; sourceTree = "<group>"; };
		F19522421855FBB7009754B6 /* Images.xcassets */ = {isa = PBXFileReference; lastKnownFileType = folder.assetcatalog; path = Images.xcassets; sourceTree = "<group>"; };
		F19522481855FBB7009754B6 /* NewProjectEpsiTests.xctest */ = {isa = PBXFileReference; explicitFileType = wrapper.cfbundle; includeInIndex = 0; path = NewProjectEpsiTests.xctest; sourceTree = BUILT_PRODUCTS_DIR; };
		F19522491855FBB7009754B6 /* XCTest.framework */ = {isa = PBXFileReference; lastKnownFileType = wrapper.framework; name = XCTest.framework; path = Library/Frameworks/XCTest.framework; sourceTree = DEVELOPER_DIR; };
		F19522511855FBB7009754B6 /* NewProjectEpsiTests-Info.plist */ = {isa = PBXFileReference; lastKnownFileType = text.plist.xml; path = "NewProjectEpsiTests-Info.plist"; sourceTree = "<group>"; };
		F19522531855FBB7009754B6 /* en */ = {isa = PBXFileReference; lastKnownFileType = text.plist.strings; name = en; path = en.lproj/InfoPlist.strings; sourceTree = "<group>"; };
		F19522551855FBB7009754B6 /* NewProjectEpsiTests.m */ = {isa = PBXFileReference; lastKnownFileType = sourcecode.c.objc; path = NewProjectEpsiTests.m; sourceTree = "<group>"; };
/* End PBXFileReference section */

/* Begin PBXFrameworksBuildPhase section */
		F19522211855FBB6009754B6 /* Frameworks */ = {
			isa = PBXFrameworksBuildPhase;
			buildActionMask = 2147483647;
			files = (
				F195222A1855FBB6009754B6 /* CoreGraphics.framework in Frameworks */,
				F195222C1855FBB6009754B6 /* UIKit.framework in Frameworks */,
				F19522281855FBB6009754B6 /* Foundation.framework in Frameworks */,
			);
			runOnlyForDeploymentPostprocessing = 0;
		};
		F19522451855FBB7009754B6 /* Frameworks */ = {
			isa = PBXFrameworksBuildPhase;
			buildActionMask = 2147483647;
			files = (
				F195224A1855FBB7009754B6 /* XCTest.framework in Frameworks */,
				F195224C1855FBB7009754B6 /* UIKit.framework in Frameworks */,
				F195224B1855FBB7009754B6 /* Foundation.framework in Frameworks */,
			);
			runOnlyForDeploymentPostprocessing = 0;
		};
/* End PBXFrameworksBuildPhase section */

/* Begin PBXGroup section */
		F195221B1855FBB6009754B6 = {
			isa = PBXGroup;
			children = (
				F195222D1855FBB7009754B6 /* NewProjectEpsi */,
				F195224F1855FBB7009754B6 /* NewProjectEpsiTests */,
				F19522261855FBB6009754B6 /* Frameworks */,
				F19522251855FBB6009754B6 /* Products */,
			);
			sourceTree = "<group>";
		};
		F19522251855FBB6009754B6 /* Products */ = {
			isa = PBXGroup;
			children = (
				F19522241855FBB6009754B6 /* NewProjectEpsi.app */,
				F19522481855FBB7009754B6 /* NewProjectEpsiTests.xctest */,
			);
			name = Products;
			sourceTree = "<group>";
		};
		F19522261855FBB6009754B6 /* Frameworks */ = {
			isa = PBXGroup;
			children = (
				F19522271855FBB6009754B6 /* Foundation.framework */,
				F19522291855FBB6009754B6 /* CoreGraphics.framework */,
				F195222B1855FBB6009754B6 /* UIKit.framework */,
				F19522491855FBB7009754B6 /* XCTest.framework */,
			);
			name = Frameworks;
			sourceTree = "<group>";
		};
		F195222D1855FBB7009754B6 /* NewProjectEpsi */ = {
			isa = PBXGroup;
			children = (
				F19522361855FBB7009754B6 /* AppDelegate.h */,
				F19522371855FBB7009754B6 /* AppDelegate.m */,
				F19522391855FBB7009754B6 /* Main_iPhone.storyboard */,
				F195223C1855FBB7009754B6 /* Main_iPad.storyboard */,
				F195223F1855FBB7009754B6 /* ViewController.h */,
				F19522401855FBB7009754B6 /* ViewController.m */,
				F19522421855FBB7009754B6 /* Images.xcassets */,
				F195222E1855FBB7009754B6 /* Supporting Files */,
				747C1BEB1856194F00BCC616 /* TableViewController.h */,
				747C1BEC1856194F00BCC616 /* TableViewController.m */,
				747C1BEE1856223800BCC616 /* DetailTableViewController.h */,
				747C1BEF1856223800BCC616 /* DetailTableViewController.m */,
			);
			path = NewProjectEpsi;
			sourceTree = "<group>";
		};
		F195222E1855FBB7009754B6 /* Supporting Files */ = {
			isa = PBXGroup;
			children = (
				F195222F1855FBB7009754B6 /* NewProjectEpsi-Info.plist */,
				F19522301855FBB7009754B6 /* InfoPlist.strings */,
				F19522331855FBB7009754B6 /* main.m */,
				F19522351855FBB7009754B6 /* NewProjectEpsi-Prefix.pch */,
			);
			name = "Supporting Files";
			sourceTree = "<group>";
		};
		F195224F1855FBB7009754B6 /* NewProjectEpsiTests */ = {
			isa = PBXGroup;
			children = (
				F19522551855FBB7009754B6 /* NewProjectEpsiTests.m */,
				F19522501855FBB7009754B6 /* Supporting Files */,
			);
			path = NewProjectEpsiTests;
			sourceTree = "<group>";
		};
		F19522501855FBB7009754B6 /* Supporting Files */ = {
			isa = PBXGroup;
			children = (
				F19522511855FBB7009754B6 /* NewProjectEpsiTests-Info.plist */,
				F19522521855FBB7009754B6 /* InfoPlist.strings */,
			);
			name = "Supporting Files";
			sourceTree = "<group>";
		};
/* End PBXGroup section */

/* Begin PBXNativeTarget section */
		F19522231855FBB6009754B6 /* NewProjectEpsi */ = {
			isa = PBXNativeTarget;
			buildConfigurationList = F19522591855FBB7009754B6 /* Build configuration list for PBXNativeTarget "NewProjectEpsi" */;
			buildPhases = (
				F19522201855FBB6009754B6 /* Sources */,
				F19522211855FBB6009754B6 /* Frameworks */,
				F19522221855FBB6009754B6 /* Resources */,
			);
			buildRules = (
			);
			dependencies = (
			);
			name = NewProjectEpsi;
			productName = NewProjectEpsi;
			productReference = F19522241855FBB6009754B6 /* NewProjectEpsi.app */;
			productType = "com.apple.product-type.application";
		};
		F19522471855FBB7009754B6 /* NewProjectEpsiTests */ = {
			isa = PBXNativeTarget;
			buildConfigurationList = F195225C1855FBB7009754B6 /* Build configuration list for PBXNativeTarget "NewProjectEpsiTests" */;
			buildPhases = (
				F19522441855FBB7009754B6 /* Sources */,
				F19522451855FBB7009754B6 /* Frameworks */,
				F19522461855FBB7009754B6 /* Resources */,
			);
			buildRules = (
			);
			dependencies = (
				F195224E1855FBB7009754B6 /* PBXTargetDependency */,
			);
			name = NewProjectEpsiTests;
			productName = NewProjectEpsiTests;
			productReference = F19522481855FBB7009754B6 /* NewProjectEpsiTests.xctest */;
			productType = "com.apple.product-type.bundle.unit-test";
		};
/* End PBXNativeTarget section */

/* Begin PBXProject section */
		F195221C1855FBB6009754B6 /* Project object */ = {
			isa = PBXProject;
			attributes = {
				LastUpgradeCheck = 0500;
				ORGANIZATIONNAME = "Baptiste RZEPKA";
				TargetAttributes = {
					F19522471855FBB7009754B6 = {
						TestTargetID = F19522231855FBB6009754B6;
					};
				};
			};
			buildConfigurationList = F195221F1855FBB6009754B6 /* Build configuration list for PBXProject "NewProjectEpsi" */;
			compatibilityVersion = "Xcode 3.2";
			developmentRegion = English;
			hasScannedForEncodings = 0;
			knownRegions = (
				en,
				Base,
			);
			mainGroup = F195221B1855FBB6009754B6;
			productRefGroup = F19522251855FBB6009754B6 /* Products */;
			projectDirPath = "";
			projectRoot = "";
			targets = (
				F19522231855FBB6009754B6 /* NewProjectEpsi */,
				F19522471855FBB7009754B6 /* NewProjectEpsiTests */,
			);
		};
/* End PBXProject section */

/* Begin PBXResourcesBuildPhase section */
		F19522221855FBB6009754B6 /* Resources */ = {
			isa = PBXResourcesBuildPhase;
			buildActionMask = 2147483647;
			files = (
				F195223E1855FBB7009754B6 /* Main_iPad.storyboard in Resources */,
				F19522431855FBB7009754B6 /* Images.xcassets in Resources */,
				F195223B1855FBB7009754B6 /* Main_iPhone.storyboard in Resources */,
				F19522321855FBB7009754B6 /* InfoPlist.strings in Resources */,
			);
			runOnlyForDeploymentPostprocessing = 0;
		};
		F19522461855FBB7009754B6 /* Resources */ = {
			isa = PBXResourcesBuildPhase;
			buildActionMask = 2147483647;
			files = (
				F19522541855FBB7009754B6 /* InfoPlist.strings in Resources */,
			);
			runOnlyForDeploymentPostprocessing = 0;
		};
/* End PBXResourcesBuildPhase section */

/* Begin PBXSourcesBuildPhase section */
		F19522201855FBB6009754B6 /* Sources */ = {
			isa = PBXSourcesBuildPhase;
			buildActionMask = 2147483647;
			files = (
				747C1BF01856223800BCC616 /* DetailTableViewController.m in Sources */,
				F19522411855FBB7009754B6 /* ViewController.m in Sources */,
				F19522381855FBB7009754B6 /* AppDelegate.m in Sources */,
				747C1BED1856194F00BCC616 /* TableViewController.m in Sources */,
				F19522341855FBB7009754B6 /* main.m in Sources */,
			);
			runOnlyForDeploymentPostprocessing = 0;
		};
		F19522441855FBB7009754B6 /* Sources */ = {
			isa = PBXSourcesBuildPhase;
			buildActionMask = 2147483647;
			files = (
				F19522561855FBB7009754B6 /* NewProjectEpsiTests.m in Sources */,
			);
			runOnlyForDeploymentPostprocessing = 0;
		};
/* End PBXSourcesBuildPhase section */

/* Begin PBXTargetDependency section */
		F195224E1855FBB7009754B6 /* PBXTargetDependency */ = {
			isa = PBXTargetDependency;
			target = F19522231855FBB6009754B6 /* NewProjectEpsi */;
			targetProxy = F195224D1855FBB7009754B6 /* PBXContainerItemProxy */;
		};
/* End PBXTargetDependency section */

/* Begin PBXVariantGroup section */
		F19522301855FBB7009754B6 /* InfoPlist.strings */ = {
			isa = PBXVariantGroup;
			children = (
				F19522311855FBB7009754B6 /* en */,
			);
			name = InfoPlist.strings;
			sourceTree = "<group>";
		};
		F19522391855FBB7009754B6 /* Main_iPhone.storyboard */ = {
			isa = PBXVariantGroup;
			children = (
				F195223A1855FBB7009754B6 /* Base */,
			);
			name = Main_iPhone.storyboard;
			sourceTree = "<group>";
		};
		F195223C1855FBB7009754B6 /* Main_iPad.storyboard */ = {
			isa = PBXVariantGroup;
			children = (
				F195223D1855FBB7009754B6 /* Base */,
			);
			name = Main_iPad.storyboard;
			sourceTree = "<group>";
		};
		F19522521855FBB7009754B6 /* InfoPlist.strings */ = {
			isa = PBXVariantGroup;
			children = (
				F19522531855FBB7009754B6 /* en */,
			);
			name = InfoPlist.strings;
			sourceTree = "<group>";
		};
/* End PBXVariantGroup section */

/* Begin XCBuildConfiguration section */
		F19522571855FBB7009754B6 /* Debug */ = {
			isa = XCBuildConfiguration;
			buildSettings = {
				ALWAYS_SEARCH_USER_PATHS = NO;
				ARCHS = "$(ARCHS_STANDARD_INCLUDING_64_BIT)";
				CLANG_CXX_LANGUAGE_STANDARD = "gnu++0x";
				CLANG_CXX_LIBRARY = "libc++";
				CLANG_ENABLE_MODULES = YES;
				CLANG_ENABLE_OBJC_ARC = YES;
				CLANG_WARN_BOOL_CONVERSION = YES;
				CLANG_WARN_CONSTANT_CONVERSION = YES;
				CLANG_WARN_DIRECT_OBJC_ISA_USAGE = YES_ERROR;
				CLANG_WARN_EMPTY_BODY = YES;
				CLANG_WARN_ENUM_CONVERSION = YES;
				CLANG_WARN_INT_CONVERSION = YES;
				CLANG_WARN_OBJC_ROOT_CLASS = YES_ERROR;
				CLANG_WARN__DUPLICATE_METHOD_MATCH = YES;
				"CODE_SIGN_IDENTITY[sdk=iphoneos*]" = "iPhone Developer";
				COPY_PHASE_STRIP = NO;
				GCC_C_LANGUAGE_STANDARD = gnu99;
				GCC_DYNAMIC_NO_PIC = NO;
				GCC_OPTIMIZATION_LEVEL = 0;
				GCC_PREPROCESSOR_DEFINITIONS = (
					"DEBUG=1",
					"$(inherited)",
				);
				GCC_SYMBOLS_PRIVATE_EXTERN = NO;
				GCC_WARN_64_TO_32_BIT_CONVERSION = YES;
				GCC_WARN_ABOUT_RETURN_TYPE = YES_ERROR;
				GCC_WARN_UNDECLARED_SELECTOR = YES;
				GCC_WARN_UNINITIALIZED_AUTOS = YES;
				GCC_WARN_UNUSED_FUNCTION = YES;
				GCC_WARN_UNUSED_VARIABLE = YES;
				IPHONEOS_DEPLOYMENT_TARGET = 7.0;
				ONLY_ACTIVE_ARCH = YES;
				SDKROOT = iphoneos;
				TARGETED_DEVICE_FAMILY = "1,2";
			};
			name = Debug;
		};
		F19522581855FBB7009754B6 /* Release */ = {
			isa = XCBuildConfiguration;
			buildSettings = {
				ALWAYS_SEARCH_USER_PATHS = NO;
				ARCHS = "$(ARCHS_STANDARD_INCLUDING_64_BIT)";
				CLANG_CXX_LANGUAGE_STANDARD = "gnu++0x";
				CLANG_CXX_LIBRARY = "libc++";
				CLANG_ENABLE_MODULES = YES;
				CLANG_ENABLE_OBJC_ARC = YES;
				CLANG_WARN_BOOL_CONVERSION = YES;
				CLANG_WARN_CONSTANT_CONVERSION = YES;
				CLANG_WARN_DIRECT_OBJC_ISA_USAGE = YES_ERROR;
				CLANG_WARN_EMPTY_BODY = YES;
				CLANG_WARN_ENUM_CONVERSION = YES;
				CLANG_WARN_INT_CONVERSION = YES;
				CLANG_WARN_OBJC_ROOT_CLASS = YES_ERROR;
				CLANG_WARN__DUPLICATE_METHOD_MATCH = YES;
				"CODE_SIGN_IDENTITY[sdk=iphoneos*]" = "iPhone Developer";
				COPY_PHASE_STRIP = YES;
				ENABLE_NS_ASSERTIONS = NO;
				GCC_C_LANGUAGE_STANDARD = gnu99;
				GCC_WARN_64_TO_32_BIT_CONVERSION = YES;
				GCC_WARN_ABOUT_RETURN_TYPE = YES_ERROR;
				GCC_WARN_UNDECLARED_SELECTOR = YES;
				GCC_WARN_UNINITIALIZED_AUTOS = YES;
				GCC_WARN_UNUSED_FUNCTION = YES;
				GCC_WARN_UNUSED_VARIABLE = YES;
				IPHONEOS_DEPLOYMENT_TARGET = 7.0;
				SDKROOT = iphoneos;
				TARGETED_DEVICE_FAMILY = "1,2";
				VALIDATE_PRODUCT = YES;
			};
			name = Release;
		};
		F195225A1855FBB7009754B6 /* Debug */ = {
			isa = XCBuildConfiguration;
			buildSettings = {
				ASSETCATALOG_COMPILER_APPICON_NAME = AppIcon;
				ASSETCATALOG_COMPILER_LAUNCHIMAGE_NAME = LaunchImage;
				GCC_PRECOMPILE_PREFIX_HEADER = YES;
				GCC_PREFIX_HEADER = "NewProjectEpsi/NewProjectEpsi-Prefix.pch";
				INFOPLIST_FILE = "NewProjectEpsi/NewProjectEpsi-Info.plist";
				PRODUCT_NAME = "$(TARGET_NAME)";
				WRAPPER_EXTENSION = app;
			};
			name = Debug;
		};
		F195225B1855FBB7009754B6 /* Release */ = {
			isa = XCBuildConfiguration;
			buildSettings = {
				ASSETCATALOG_COMPILER_APPICON_NAME = AppIcon;
				ASSETCATALOG_COMPILER_LAUNCHIMAGE_NAME = LaunchImage;
				GCC_PRECOMPILE_PREFIX_HEADER = YES;
				GCC_PREFIX_HEADER = "NewProjectEpsi/NewProjectEpsi-Prefix.pch";
				INFOPLIST_FILE = "NewProjectEpsi/NewProjectEpsi-Info.plist";
				PRODUCT_NAME = "$(TARGET_NAME)";
				WRAPPER_EXTENSION = app;
			};
			name = Release;
		};
		F195225D1855FBB7009754B6 /* Debug */ = {
			isa = XCBuildConfiguration;
			buildSettings = {
				ARCHS = "$(ARCHS_STANDARD_INCLUDING_64_BIT)";
				BUNDLE_LOADER = "$(BUILT_PRODUCTS_DIR)/NewProjectEpsi.app/NewProjectEpsi";
				FRAMEWORK_SEARCH_PATHS = (
					"$(SDKROOT)/Developer/Library/Frameworks",
					"$(inherited)",
					"$(DEVELOPER_FRAMEWORKS_DIR)",
				);
				GCC_PRECOMPILE_PREFIX_HEADER = YES;
				GCC_PREFIX_HEADER = "NewProjectEpsi/NewProjectEpsi-Prefix.pch";
				GCC_PREPROCESSOR_DEFINITIONS = (
					"DEBUG=1",
					"$(inherited)",
				);
				INFOPLIST_FILE = "NewProjectEpsiTests/NewProjectEpsiTests-Info.plist";
				PRODUCT_NAME = "$(TARGET_NAME)";
				TEST_HOST = "$(BUNDLE_LOADER)";
				WRAPPER_EXTENSION = xctest;
			};
			name = Debug;
		};
		F195225E1855FBB7009754B6 /* Release */ = {
			isa = XCBuildConfiguration;
			buildSettings = {
				ARCHS = "$(ARCHS_STANDARD_INCLUDING_64_BIT)";
				BUNDLE_LOADER = "$(BUILT_PRODUCTS_DIR)/NewProjectEpsi.app/NewProjectEpsi";
				FRAMEWORK_SEARCH_PATHS = (
					"$(SDKROOT)/Developer/Library/Frameworks",
					"$(inherited)",
					"$(DEVELOPER_FRAMEWORKS_DIR)",
				);
				GCC_PRECOMPILE_PREFIX_HEADER = YES;
				GCC_PREFIX_HEADER = "NewProjectEpsi/NewProjectEpsi-Prefix.pch";
				INFOPLIST_FILE = "NewProjectEpsiTests/NewProjectEpsiTests-Info.plist";
				PRODUCT_NAME = "$(TARGET_NAME)";
				TEST_HOST = "$(BUNDLE_LOADER)";
				WRAPPER_EXTENSION = xctest;
			};
			name = Release;
		};
/* End XCBuildConfiguration section */

/* Begin XCConfigurationList section */
		F195221F1855FBB6009754B6 /* Build configuration list for PBXProject "NewProjectEpsi" */ = {
			isa = XCConfigurationList;
			buildConfigurations = (
				F19522571855FBB7009754B6 /* Debug */,
				F19522581855FBB7009754B6 /* Release */,
			);
			defaultConfigurationIsVisible = 0;
			defaultConfigurationName = Release;
		};
		F19522591855FBB7009754B6 /* Build configuration list for PBXNativeTarget "NewProjectEpsi" */ = {
			isa = XCConfigurationList;
			buildConfigurations = (
				F195225A1855FBB7009754B6 /* Debug */,
				F195225B1855FBB7009754B6 /* Release */,
			);
			defaultConfigurationIsVisible = 0;
			defaultConfigurationName = Release;
		};
		F195225C1855FBB7009754B6 /* Build configuration list for PBXNativeTarget "NewProjectEpsiTests" */ = {
			isa = XCConfigurationList;
			buildConfigurations = (
				F195225D1855FBB7009754B6 /* Debug */,
				F195225E1855FBB7009754B6 /* Release */,
			);
			defaultConfigurationIsVisible = 0;
			defaultConfigurationName = Release;
		};
/* End XCConfigurationList section */
	};
	rootObject = F195221C1855FBB6009754B6 /* Project object */;
}
